// !$*UTF8*$!
{
	archiveVersion = 1;
	classes = {
	};
	objectVersion = 46;
	objects = {

/* Begin PBXBuildFile section */
		0D905C461AC70F1800F3D6A9 /* AppDelegate.swift in Sources */ = {isa = PBXBuildFile; fileRef = 0D905C451AC70F1800F3D6A9 /* AppDelegate.swift */; };
		0D905C491AC70F1800F3D6A9 /* githubtest.xcdatamodeld in Sources */ = {isa = PBXBuildFile; fileRef = 0D905C471AC70F1800F3D6A9 /* githubtest.xcdatamodeld */; };
		0D905C4B1AC70F1800F3D6A9 /* ViewController.swift in Sources */ = {isa = PBXBuildFile; fileRef = 0D905C4A1AC70F1800F3D6A9 /* ViewController.swift */; };
		0D905C4E1AC70F1800F3D6A9 /* Main.storyboard in Resources */ = {isa = PBXBuildFile; fileRef = 0D905C4C1AC70F1800F3D6A9 /* Main.storyboard */; };
		0D905C501AC70F1800F3D6A9 /* Images.xcassets in Resources */ = {isa = PBXBuildFile; fileRef = 0D905C4F1AC70F1800F3D6A9 /* Images.xcassets */; };
		0D905C531AC70F1800F3D6A9 /* LaunchScreen.xib in Resources */ = {isa = PBXBuildFile; fileRef = 0D905C511AC70F1800F3D6A9 /* LaunchScreen.xib */; };
		0D905C5F1AC70F1800F3D6A9 /* githubtestTests.swift in Sources */ = {isa = PBXBuildFile; fileRef = 0D905C5E1AC70F1800F3D6A9 /* githubtestTests.swift */; };
/* End PBXBuildFile section */

/* Begin PBXContainerItemProxy section */
		0D905C591AC70F1800F3D6A9 /* PBXContainerItemProxy */ = {
			isa = PBXContainerItemProxy;
			containerPortal = 0D905C381AC70F1800F3D6A9 /* Project object */;
			proxyType = 1;
			remoteGlobalIDString = 0D905C3F1AC70F1800F3D6A9;
			remoteInfo = githubtest;
		};
/* End PBXContainerItemProxy section */

/* Begin PBXFileReference section */
		0D905C401AC70F1800F3D6A9 /* githubtest.app */ = {isa = PBXFileReference; explicitFileType = wrapper.application; includeInIndex = 0; path = githubtest.app; sourceTree = BUILT_PRODUCTS_DIR; };
		0D905C441AC70F1800F3D6A9 /* Info.plist */ = {isa = PBXFileReference; lastKnownFileType = text.plist.xml; path = Info.plist; sourceTree = "<group>"; };
		0D905C451AC70F1800F3D6A9 /* AppDelegate.swift */ = {isa = PBXFileReference; lastKnownFileType = sourcecode.swift; path = AppDelegate.swift; sourceTree = "<group>"; };
		0D905C481AC70F1800F3D6A9 /* githubtest.xcdatamodel */ = {isa = PBXFileReference; lastKnownFileType = wrapper.xcdatamodel; path = githubtest.xcdatamodel; sourceTree = "<group>"; };
		0D905C4A1AC70F1800F3D6A9 /* ViewController.swift */ = {isa = PBXFileReference; lastKnownFileType = sourcecode.swift; path = ViewController.swift; sourceTree = "<group>"; };
		0D905C4D1AC70F1800F3D6A9 /* Base */ = {isa = PBXFileReference; lastKnownFileType = file.storyboard; name = Base; path = Base.lproj/Main.storyboard; sourceTree = "<group>"; };
		0D905C4F1AC70F1800F3D6A9 /* Images.xcassets */ = {isa = PBXFileReference; lastKnownFileType = folder.assetcatalog; path = Images.xcassets; sourceTree = "<group>"; };
		0D905C521AC70F1800F3D6A9 /* Base */ = {isa = PBXFileReference; lastKnownFileType = file.xib; name = Base; path = Base.lproj/LaunchScreen.xib; sourceTree = "<group>"; };
		0D905C581AC70F1800F3D6A9 /* githubtestTests.xctest */ = {isa = PBXFileReference; explicitFileType = wrapper.cfbundle; includeInIndex = 0; path = githubtestTests.xctest; sourceTree = BUILT_PRODUCTS_DIR; };
		0D905C5D1AC70F1800F3D6A9 /* Info.plist */ = {isa = PBXFileReference; lastKnownFileType = text.plist.xml; path = Info.plist; sourceTree = "<group>"; };
		0D905C5E1AC70F1800F3D6A9 /* githubtestTests.swift */ = {isa = PBXFileReference; lastKnownFileType = sourcecode.swift; path = githubtestTests.swift; sourceTree = "<group>"; };
/* End PBXFileReference section */

/* Begin PBXFrameworksBuildPhase section */
		0D905C3D1AC70F1800F3D6A9 /* Frameworks */ = {
			isa = PBXFrameworksBuildPhase;
			buildActionMask = 2147483647;
			files = (
			);
			runOnlyForDeploymentPostprocessing = 0;
		};
		0D905C551AC70F1800F3D6A9 /* Frameworks */ = {
			isa = PBXFrameworksBuildPhase;
			buildActionMask = 2147483647;
			files = (
			);
			runOnlyForDeploymentPostprocessing = 0;
		};
/* End PBXFrameworksBuildPhase section */

/* Begin PBXGroup section */
		0D905C371AC70F1800F3D6A9 = {
			isa = PBXGroup;
			children = (
				0D905C421AC70F1800F3D6A9 /* githubtest */,
				0D905C5B1AC70F1800F3D6A9 /* githubtestTests */,
				0D905C411AC70F1800F3D6A9 /* Products */,
			);
			sourceTree = "<group>";
		};
		0D905C411AC70F1800F3D6A9 /* Products */ = {
			isa = PBXGroup;
			children = (
				0D905C401AC70F1800F3D6A9 /* githubtest.app */,
				0D905C581AC70F1800F3D6A9 /* githubtestTests.xctest */,
			);
			name = Products;
			sourceTree = "<group>";
		};
		0D905C421AC70F1800F3D6A9 /* githubtest */ = {
			isa = PBXGroup;
			children = (
				0D905C451AC70F1800F3D6A9 /* AppDelegate.swift */,
				0D905C4A1AC70F1800F3D6A9 /* ViewController.swift */,
				0D905C4C1AC70F1800F3D6A9 /* Main.storyboard */,
				0D905C4F1AC70F1800F3D6A9 /* Images.xcassets */,
				0D905C511AC70F1800F3D6A9 /* LaunchScreen.xib */,
				0D905C471AC70F1800F3D6A9 /* githubtest.xcdatamodeld */,
				0D905C431AC70F1800F3D6A9 /* Supporting Files */,
			);
			path = githubtest;
			sourceTree = "<group>";
		};
		0D905C431AC70F1800F3D6A9 /* Supporting Files */ = {
			isa = PBXGroup;
			children = (
				0D905C441AC70F1800F3D6A9 /* Info.plist */,
			);
			name = "Supporting Files";
			sourceTree = "<group>";
		};
		0D905C5B1AC70F1800F3D6A9 /* githubtestTests */ = {
			isa = PBXGroup;
			children = (
				0D905C5E1AC70F1800F3D6A9 /* githubtestTests.swift */,
				0D905C5C1AC70F1800F3D6A9 /* Supporting Files */,
			);
			path = githubtestTests;
			sourceTree = "<group>";
		};
		0D905C5C1AC70F1800F3D6A9 /* Supporting Files */ = {
			isa = PBXGroup;
			children = (
				0D905C5D1AC70F1800F3D6A9 /* Info.plist */,
			);
			name = "Supporting Files";
			sourceTree = "<group>";
		};
/* End PBXGroup section */

/* Begin PBXNativeTarget section */
		0D905C3F1AC70F1800F3D6A9 /* githubtest */ = {
			isa = PBXNativeTarget;
			buildConfigurationList = 0D905C621AC70F1800F3D6A9 /* Build configuration list for PBXNativeTarget "githubtest" */;
			buildPhases = (
				0D905C3C1AC70F1800F3D6A9 /* Sources */,
				0D905C3D1AC70F1800F3D6A9 /* Frameworks */,
				0D905C3E1AC70F1800F3D6A9 /* Resources */,
			);
			buildRules = (
			);
			dependencies = (
			);
			name = githubtest;
			productName = githubtest;
			productReference = 0D905C401AC70F1800F3D6A9 /* githubtest.app */;
			productType = "com.apple.product-type.application";
		};
		0D905C571AC70F1800F3D6A9 /* githubtestTests */ = {
			isa = PBXNativeTarget;
			buildConfigurationList = 0D905C651AC70F1800F3D6A9 /* Build configuration list for PBXNativeTarget "githubtestTests" */;
			buildPhases = (
				0D905C541AC70F1800F3D6A9 /* Sources */,
				0D905C551AC70F1800F3D6A9 /* Frameworks */,
				0D905C561AC70F1800F3D6A9 /* Resources */,
			);
			buildRules = (
			);
			dependencies = (
				0D905C5A1AC70F1800F3D6A9 /* PBXTargetDependency */,
			);
			name = githubtestTests;
			productName = githubtestTests;
			productReference = 0D905C581AC70F1800F3D6A9 /* githubtestTests.xctest */;
			productType = "com.apple.product-type.bundle.unit-test";
		};
/* End PBXNativeTarget section */

/* Begin PBXProject section */
		0D905C381AC70F1800F3D6A9 /* Project object */ = {
			isa = PBXProject;
			attributes = {
				LastUpgradeCheck = 0610;
				ORGANIZATIONNAME = "Firouzeh Soleymani Magham";
				TargetAttributes = {
					0D905C3F1AC70F1800F3D6A9 = {
						CreatedOnToolsVersion = 6.1.1;
					};
					0D905C571AC70F1800F3D6A9 = {
						CreatedOnToolsVersion = 6.1.1;
						TestTargetID = 0D905C3F1AC70F1800F3D6A9;
					};
				};
			};
			buildConfigurationList = 0D905C3B1AC70F1800F3D6A9 /* Build configuration list for PBXProject "githubtest" */;
			compatibilityVersion = "Xcode 3.2";
			developmentRegion = English;
			hasScannedForEncodings = 0;
			knownRegions = (
				en,
				Base,
			);
			mainGroup = 0D905C371AC70F1800F3D6A9;
			productRefGroup = 0D905C411AC70F1800F3D6A9 /* Products */;
			projectDirPath = "";
			projectRoot = "";
			targets = (
				0D905C3F1AC70F1800F3D6A9 /* githubtest */,
				0D905C571AC70F1800F3D6A9 /* githubtestTests */,
			);
		};
/* End PBXProject section */

/* Begin PBXResourcesBuildPhase section */
		0D905C3E1AC70F1800F3D6A9 /* Resources */ = {
			isa = PBXResourcesBuildPhase;
			buildActionMask = 2147483647;
			files = (
				0D905C4E1AC70F1800F3D6A9 /* Main.storyboard in Resources */,
				0D905C531AC70F1800F3D6A9 /* LaunchScreen.xib in Resources */,
				0D905C501AC70F1800F3D6A9 /* Images.xcassets in Resources */,
			);
			runOnlyForDeploymentPostprocessing = 0;
		};
		0D905C561AC70F1800F3D6A9 /* Resources */ = {
			isa = PBXResourcesBuildPhase;
			buildActionMask = 2147483647;
			files = (
			);
			runOnlyForDeploymentPostprocessing = 0;
		};
/* End PBXResourcesBuildPhase section */

/* Begin PBXSourcesBuildPhase section */
		0D905C3C1AC70F1800F3D6A9 /* Sources */ = {
			isa = PBXSourcesBuildPhase;
			buildActionMask = 2147483647;
			files = (
				0D905C4B1AC70F1800F3D6A9 /* ViewController.swift in Sources */,
				0D905C491AC70F1800F3D6A9 /* githubtest.xcdatamodeld in Sources */,
				0D905C461AC70F1800F3D6A9 /* AppDelegate.swift in Sources */,
			);
			runOnlyForDeploymentPostprocessing = 0;
		};
		0D905C541AC70F1800F3D6A9 /* Sources */ = {
			isa = PBXSourcesBuildPhase;
			buildActionMask = 2147483647;
			files = (
				0D905C5F1AC70F1800F3D6A9 /* githubtestTests.swift in Sources */,
			);
			runOnlyForDeploymentPostprocessing = 0;
		};
/* End PBXSourcesBuildPhase section */

/* Begin PBXTargetDependency section */
		0D905C5A1AC70F1800F3D6A9 /* PBXTargetDependency */ = {
			isa = PBXTargetDependency;
			target = 0D905C3F1AC70F1800F3D6A9 /* githubtest */;
			targetProxy = 0D905C591AC70F1800F3D6A9 /* PBXContainerItemProxy */;
		};
/* End PBXTargetDependency section */

/* Begin PBXVariantGroup section */
		0D905C4C1AC70F1800F3D6A9 /* Main.storyboard */ = {
			isa = PBXVariantGroup;
			children = (
				0D905C4D1AC70F1800F3D6A9 /* Base */,
			);
			name = Main.storyboard;
			sourceTree = "<group>";
		};
		0D905C511AC70F1800F3D6A9 /* LaunchScreen.xib */ = {
			isa = PBXVariantGroup;
			children = (
				0D905C521AC70F1800F3D6A9 /* Base */,
			);
			name = LaunchScreen.xib;
			sourceTree = "<group>";
		};
/* End PBXVariantGroup section */

/* Begin XCBuildConfiguration section */
		0D905C601AC70F1800F3D6A9 /* Debug */ = {
			isa = XCBuildConfiguration;
			buildSettings = {
				ALWAYS_SEARCH_USER_PATHS = NO;
				CLANG_CXX_LANGUAGE_STANDARD = "gnu++0x";
				CLANG_CXX_LIBRARY = "libc++";
				CLANG_ENABLE_MODULES = YES;
				CLANG_ENABLE_OBJC_ARC = YES;
				CLANG_WARN_BOOL_CONVERSION = YES;
				CLANG_WARN_CONSTANT_CONVERSION = YES;
				CLANG_WARN_DIRECT_OBJC_ISA_USAGE = YES_ERROR;
				CLANG_WARN_EMPTY_BODY = YES;
				CLANG_WARN_ENUM_CONVERSION = YES;
				CLANG_WARN_INT_CONVERSION = YES;
				CLANG_WARN_OBJC_ROOT_CLASS = YES_ERROR;
				CLANG_WARN_UNREACHABLE_CODE = YES;
				CLANG_WARN__DUPLICATE_METHOD_MATCH = YES;
				"CODE_SIGN_IDENTITY[sdk=iphoneos*]" = "iPhone Developer";
				COPY_PHASE_STRIP = NO;
				ENABLE_STRICT_OBJC_MSGSEND = YES;
				GCC_C_LANGUAGE_STANDARD = gnu99;
				GCC_DYNAMIC_NO_PIC = NO;
				GCC_OPTIMIZATION_LEVEL = 0;
				GCC_PREPROCESSOR_DEFINITIONS = (
					"DEBUG=1",
					"$(inherited)",
				);
				GCC_SYMBOLS_PRIVATE_EXTERN = NO;
				GCC_WARN_64_TO_32_BIT_CONVERSION = YES;
				GCC_WARN_ABOUT_RETURN_TYPE = YES_ERROR;
				GCC_WARN_UNDECLARED_SELECTOR = YES;
				GCC_WARN_UNINITIALIZED_AUTOS = YES_AGGRESSIVE;
				GCC_WARN_UNUSED_FUNCTION = YES;
				GCC_WARN_UNUSED_VARIABLE = YES;
				IPHONEOS_DEPLOYMENT_TARGET = 8.1;
				MTL_ENABLE_DEBUG_INFO = YES;
				ONLY_ACTIVE_ARCH = YES;
				SDKROOT = iphoneos;
				SWIFT_OPTIMIZATION_LEVEL = "-Onone";
			};
			name = Debug;
		};
		0D905C611AC70F1800F3D6A9 /* Release */ = {
			isa = XCBuildConfiguration;
			buildSettings = {
				ALWAYS_SEARCH_USER_PATHS = NO;
				CLANG_CXX_LANGUAGE_STANDARD = "gnu++0x";
				CLANG_CXX_LIBRARY = "libc++";
				CLANG_ENABLE_MODULES = YES;
				CLANG_ENABLE_OBJC_ARC = YES;
				CLANG_WARN_BOOL_CONVERSION = YES;
				CLANG_WARN_CONSTANT_CONVERSION = YES;
				CLANG_WARN_DIRECT_OBJC_ISA_USAGE = YES_ERROR;
				CLANG_WARN_EMPTY_BODY = YES;
				CLANG_WARN_ENUM_CONVERSION = YES;
				CLANG_WARN_INT_CONVERSION = YES;
				CLANG_WARN_OBJC_ROOT_CLASS = YES_ERROR;
				CLANG_WARN_UNREACHABLE_CODE = YES;
				CLANG_WARN__DUPLICATE_METHOD_MATCH = YES;
				"CODE_SIGN_IDENTITY[sdk=iphoneos*]" = "iPhone Developer";
				COPY_PHASE_STRIP = YES;
				ENABLE_NS_ASSERTIONS = NO;
				ENABLE_STRICT_OBJC_MSGSEND = YES;
				GCC_C_LANGUAGE_STANDARD = gnu99;
				GCC_WARN_64_TO_32_BIT_CONVERSION = YES;
				GCC_WARN_ABOUT_RETURN_TYPE = YES_ERROR;
				GCC_WARN_UNDECLARED_SELECTOR = YES;
				GCC_WARN_UNINITIALIZED_AUTOS = YES_AGGRESSIVE;
				GCC_WARN_UNUSED_FUNCTION = YES;
				GCC_WARN_UNUSED_VARIABLE = YES;
				IPHONEOS_DEPLOYMENT_TARGET = 8.1;
				MTL_ENABLE_DEBUG_INFO = NO;
				SDKROOT = iphoneos;
				VALIDATE_PRODUCT = YES;
			};
			name = Release;
		};
		0D905C631AC70F1800F3D6A9 /* Debug */ = {
			isa = XCBuildConfiguration;
			buildSettings = {
				ASSETCATALOG_COMPILER_APPICON_NAME = AppIcon;
				INFOPLIST_FILE = githubtest/Info.plist;
				LD_RUNPATH_SEARCH_PATHS = "$(inherited) @executable_path/Frameworks";
				PRODUCT_NAME = "$(TARGET_NAME)";
			};
			name = Debug;
		};
		0D905C641AC70F1800F3D6A9 /* Release */ = {
			isa = XCBuildConfiguration;
			buildSettings = {
				ASSETCATALOG_COMPILER_APPICON_NAME = AppIcon;
				INFOPLIST_FILE = githubtest/Info.plist;
				LD_RUNPATH_SEARCH_PATHS = "$(inherited) @executable_path/Frameworks";
				PRODUCT_NAME = "$(TARGET_NAME)";
			};
			name = Release;
		};
		0D905C661AC70F1800F3D6A9 /* Debug */ = {
			isa = XCBuildConfiguration;
			buildSettings = {
				BUNDLE_LOADER = "$(TEST_HOST)";
				FRAMEWORK_SEARCH_PATHS = (
					"$(SDKROOT)/Developer/Library/Frameworks",
					"$(inherited)",
				);
				GCC_PREPROCESSOR_DEFINITIONS = (
					"DEBUG=1",
					"$(inherited)",
				);
				INFOPLIST_FILE = githubtestTests/Info.plist;
				LD_RUNPATH_SEARCH_PATHS = "$(inherited) @executable_path/Frameworks @loader_path/Frameworks";
				PRODUCT_NAME = "$(TARGET_NAME)";
				TEST_HOST = "$(BUILT_PRODUCTS_DIR)/githubtest.app/githubtest";
			};
			name = Debug;
		};
		0D905C671AC70F1800F3D6A9 /* Release */ = {
			isa = XCBuildConfiguration;
			buildSettings = {
				BUNDLE_LOADER = "$(TEST_HOST)";
				FRAMEWORK_SEARCH_PATHS = (
					"$(SDKROOT)/Developer/Library/Frameworks",
					"$(inherited)",
				);
				INFOPLIST_FILE = githubtestTests/Info.plist;
				LD_RUNPATH_SEARCH_PATHS = "$(inherited) @executable_path/Frameworks @loader_path/Frameworks";
				PRODUCT_NAME = "$(TARGET_NAME)";
				TEST_HOST = "$(BUILT_PRODUCTS_DIR)/githubtest.app/githubtest";
			};
			name = Release;
		};
/* End XCBuildConfiguration section */

/* Begin XCConfigurationList section */
		0D905C3B1AC70F1800F3D6A9 /* Build configuration list for PBXProject "githubtest" */ = {
			isa = XCConfigurationList;
			buildConfigurations = (
				0D905C601AC70F1800F3D6A9 /* Debug */,
				0D905C611AC70F1800F3D6A9 /* Release */,
			);
			defaultConfigurationIsVisible = 0;
			defaultConfigurationName = Release;
		};
		0D905C621AC70F1800F3D6A9 /* Build configuration list for PBXNativeTarget "githubtest" */ = {
			isa = XCConfigurationList;
			buildConfigurations = (
				0D905C631AC70F1800F3D6A9 /* Debug */,
				0D905C641AC70F1800F3D6A9 /* Release */,
			);
			defaultConfigurationIsVisible = 0;
		};
		0D905C651AC70F1800F3D6A9 /* Build configuration list for PBXNativeTarget "githubtestTests" */ = {
			isa = XCConfigurationList;
			buildConfigurations = (
				0D905C661AC70F1800F3D6A9 /* Debug */,
				0D905C671AC70F1800F3D6A9 /* Release */,
			);
			defaultConfigurationIsVisible = 0;
		};
/* End XCConfigurationList section */

/* Begin XCVersionGroup section */
		0D905C471AC70F1800F3D6A9 /* githubtest.xcdatamodeld */ = {
			isa = XCVersionGroup;
			children = (
				0D905C481AC70F1800F3D6A9 /* githubtest.xcdatamodel */,
			);
			currentVersion = 0D905C481AC70F1800F3D6A9 /* githubtest.xcdatamodel */;
			path = githubtest.xcdatamodeld;
			sourceTree = "<group>";
			versionGroupType = wrapper.xcdatamodel;
		};
/* End XCVersionGroup section */
	};
	rootObject = 0D905C381AC70F1800F3D6A9 /* Project object */;
}
